PODS:
  - MultiPickerView (0.0.3):
    - SwiftyJSON (= 4.1.0)
  - SwiftyJSON (4.1.0)

DEPENDENCIES:
  - MultiPickerView (= 0.0.3)

SPEC REPOS:
  https://github.com/cocoapods/specs.git:
    - MultiPickerView
    - SwiftyJSON

SPEC CHECKSUMS:
  MultiPickerView: fa307305f1ae56df7a2bb3f013e2caa16e9919f6
  SwiftyJSON: c29297daf073d2aa016295d5809cdd68045c39b3

PODFILE CHECKSUM: 4f213a9fb08745cf924d3af4b9a348de2e3de0a5

COCOAPODS: 1.5.3
